
Microsoft Visual Studio Solution File, Format Version 12.00
# Visual Studio 15
Project("{FAE04EC0-301F-11D3-BF4B-00C04F79EFBC}") = "Assembly-CSharp", "Assembly-CSharp.csproj", "{53015B36-F750-6A4F-AB12-31ECCB26484F}"
EndProject
Project("{FAE04EC0-301F-11D3-BF4B-00C04F79EFBC}") = "StylizedWaterForURP", "StylizedWaterForURP.csproj", "{1BB7BCBA-3AB4-0E07-A97F-512FF1FE71BA}"
EndProject
Project("{FAE04EC0-301F-11D3-BF4B-00C04F79EFBC}") = "ThryAssemblyDefinition", "ThryAssemblyDefinition.csproj", "{3280EEFB-9764-37EA-78B8-6C885EC385CD}"
EndProject
Project("{FAE04EC0-301F-11D3-BF4B-00C04F79EFBC}") = "StylizedWaterForURPEditor", "StylizedWaterForURPEditor.csproj", "{635EB600-1A09-9310-E42A-C6C134A19111}"
EndProject
Project("{FAE04EC0-301F-11D3-BF4B-00C04F79EFBC}") = "Assembly-CSharp-Editor", "Assembly-CSharp-Editor.csproj", "{C1186B3F-0CB7-4E47-9AF5-37E3AE9AC886}"
EndProject
Global
	GlobalSection(SolutionConfigurationPlatforms) = preSolution
		Debug|Any CPU = Debug|Any CPU
		Release|Any CPU = Release|Any CPU
	EndGlobalSection
	GlobalSection(ProjectConfigurationPlatforms) = postSolution
		{53015B36-F750-6A4F-AB12-31ECCB26484F}.Debug|Any CPU.ActiveCfg = Debug|Any CPU
		{53015B36-F750-6A4F-AB12-31ECCB26484F}.Debug|Any CPU.Build.0 = Debug|Any CPU
		{53015B36-F750-6A4F-AB12-31ECCB26484F}.Release|Any CPU.ActiveCfg = Release|Any CPU
		{53015B36-F750-6A4F-AB12-31ECCB26484F}.Release|Any CPU.Build.0 = Release|Any CPU
		{1BB7BCBA-3AB4-0E07-A97F-512FF1FE71BA}.Debug|Any CPU.ActiveCfg = Debug|Any CPU
		{1BB7BCBA-3AB4-0E07-A97F-512FF1FE71BA}.Debug|Any CPU.Build.0 = Debug|Any CPU
		{1BB7BCBA-3AB4-0E07-A97F-512FF1FE71BA}.Release|Any CPU.ActiveCfg = Release|Any CPU
		{1BB7BCBA-3AB4-0E07-A97F-512FF1FE71BA}.Release|Any CPU.Build.0 = Release|Any CPU
		{3280EEFB-9764-37EA-78B8-6C885EC385CD}.Debug|Any CPU.ActiveCfg = Debug|Any CPU
		{3280EEFB-9764-37EA-78B8-6C885EC385CD}.Debug|Any CPU.Build.0 = Debug|Any CPU
		{3280EEFB-9764-37EA-78B8-6C885EC385CD}.Release|Any CPU.ActiveCfg = Release|Any CPU
		{3280EEFB-9764-37EA-78B8-6C885EC385CD}.Release|Any CPU.Build.0 = Release|Any CPU
		{635EB600-1A09-9310-E42A-C6C134A19111}.Debug|Any CPU.ActiveCfg = Debug|Any CPU
		{635EB600-1A09-9310-E42A-C6C134A19111}.Debug|Any CPU.Build.0 = Debug|Any CPU
		{635EB600-1A09-9310-E42A-C6C134A19111}.Release|Any CPU.ActiveCfg = Release|Any CPU
		{635EB600-1A09-9310-E42A-C6C134A19111}.Release|Any CPU.Build.0 = Release|Any CPU
		{C1186B3F-0CB7-4E47-9AF5-37E3AE9AC886}.Debug|Any CPU.ActiveCfg = Debug|Any CPU
		{C1186B3F-0CB7-4E47-9AF5-37E3AE9AC886}.Debug|Any CPU.Build.0 = Debug|Any CPU
		{C1186B3F-0CB7-4E47-9AF5-37E3AE9AC886}.Release|Any CPU.ActiveCfg = Release|Any CPU
		{C1186B3F-0CB7-4E47-9AF5-37E3AE9AC886}.Release|Any CPU.Build.0 = Release|Any CPU
	EndGlobalSection
	GlobalSection(SolutionProperties) = preSolution
		HideSolutionNode = FALSE
	EndGlobalSection
EndGlobal
